// !$*UTF8*$!
{
	archiveVersion = 1;
	classes = {
	};
	objectVersion = 56;
	objects = {

/* Begin PBXBuildFile section */
		814F9B892C7CB0CE00167690 /* sampleepisode.json in Resources */ = {isa = PBXBuildFile; fileRef = 814F9B882C7CB0CE00167690 /* sampleepisode.json */; };
		814F9B8B2C7CBD8300167690 /* StringExt.swift in Sources */ = {isa = PBXBuildFile; fileRef = 814F9B8A2C7CBD8300167690 /* StringExt.swift */; };
		814F9B8D2C7CBEEF00167690 /* Constants.swift in Sources */ = {isa = PBXBuildFile; fileRef = 814F9B8C2C7CBEEF00167690 /* Constants.swift */; };
		814F9B8F2C7CC09800167690 /* Episode.swift in Sources */ = {isa = PBXBuildFile; fileRef = 814F9B8E2C7CC09800167690 /* Episode.swift */; };
		814F9B912C7CCC5C00167690 /* EpisodeView.swift in Sources */ = {isa = PBXBuildFile; fileRef = 814F9B902C7CCC5C00167690 /* EpisodeView.swift */; };
		8166CB602C77A71B0018FC33 /* BBQuotesApp.swift in Sources */ = {isa = PBXBuildFile; fileRef = 8166CB5F2C77A71B0018FC33 /* BBQuotesApp.swift */; };
		8166CB622C77A71B0018FC33 /* ContentView.swift in Sources */ = {isa = PBXBuildFile; fileRef = 8166CB612C77A71B0018FC33 /* ContentView.swift */; };
		8166CB642C77A71D0018FC33 /* Assets.xcassets in Resources */ = {isa = PBXBuildFile; fileRef = 8166CB632C77A71D0018FC33 /* Assets.xcassets */; };
		8166CB672C77A71D0018FC33 /* Preview Assets.xcassets in Resources */ = {isa = PBXBuildFile; fileRef = 8166CB662C77A71D0018FC33 /* Preview Assets.xcassets */; };
		8166CB712C77A7F90018FC33 /* sampledeath.json in Resources */ = {isa = PBXBuildFile; fileRef = 8166CB6E2C77A7F90018FC33 /* sampledeath.json */; };
		8166CB722C77A7F90018FC33 /* samplecharacter.json in Resources */ = {isa = PBXBuildFile; fileRef = 8166CB6F2C77A7F90018FC33 /* samplecharacter.json */; };
		8166CB732C77A7F90018FC33 /* samplequote.json in Resources */ = {isa = PBXBuildFile; fileRef = 8166CB702C77A7F90018FC33 /* samplequote.json */; };
		8166CB752C77ACC40018FC33 /* Quote.swift in Sources */ = {isa = PBXBuildFile; fileRef = 8166CB742C77ACC40018FC33 /* Quote.swift */; };
		8166CB772C77AD470018FC33 /* Character.swift in Sources */ = {isa = PBXBuildFile; fileRef = 8166CB762C77AD470018FC33 /* Character.swift */; };
		8166CB792C77ADBD0018FC33 /* Deaths.swift in Sources */ = {isa = PBXBuildFile; fileRef = 8166CB782C77ADBD0018FC33 /* Deaths.swift */; };
		8166CB7B2C77B3840018FC33 /* FetchService.swift in Sources */ = {isa = PBXBuildFile; fileRef = 8166CB7A2C77B3840018FC33 /* FetchService.swift */; };
		8166CB7D2C77C1F80018FC33 /* ViewModel.swift in Sources */ = {isa = PBXBuildFile; fileRef = 8166CB7C2C77C1F80018FC33 /* ViewModel.swift */; };
		8166CB7F2C77CAE20018FC33 /* FetchView.swift in Sources */ = {isa = PBXBuildFile; fileRef = 8166CB7E2C77CAE20018FC33 /* FetchView.swift */; };
		81D4F9AB2C79032E00B69B99 /* CharacterView.swift in Sources */ = {isa = PBXBuildFile; fileRef = 81D4F9AA2C79032E00B69B99 /* CharacterView.swift */; };
/* End PBXBuildFile section */

/* Begin PBXFileReference section */
		814F9B882C7CB0CE00167690 /* sampleepisode.json */ = {isa = PBXFileReference; fileEncoding = 4; lastKnownFileType = text.json; path = sampleepisode.json; sourceTree = "<group>"; };
		814F9B8A2C7CBD8300167690 /* StringExt.swift */ = {isa = PBXFileReference; lastKnownFileType = sourcecode.swift; path = StringExt.swift; sourceTree = "<group>"; };
		814F9B8C2C7CBEEF00167690 /* Constants.swift */ = {isa = PBXFileReference; lastKnownFileType = sourcecode.swift; path = Constants.swift; sourceTree = "<group>"; };
		814F9B8E2C7CC09800167690 /* Episode.swift */ = {isa = PBXFileReference; lastKnownFileType = sourcecode.swift; path = Episode.swift; sourceTree = "<group>"; };
		814F9B902C7CCC5C00167690 /* EpisodeView.swift */ = {isa = PBXFileReference; lastKnownFileType = sourcecode.swift; path = EpisodeView.swift; sourceTree = "<group>"; };
		8166CB5C2C77A71B0018FC33 /* BBQuotes.app */ = {isa = PBXFileReference; explicitFileType = wrapper.application; includeInIndex = 0; path = BBQuotes.app; sourceTree = BUILT_PRODUCTS_DIR; };
		8166CB5F2C77A71B0018FC33 /* BBQuotesApp.swift */ = {isa = PBXFileReference; lastKnownFileType = sourcecode.swift; path = BBQuotesApp.swift; sourceTree = "<group>"; };
		8166CB612C77A71B0018FC33 /* ContentView.swift */ = {isa = PBXFileReference; lastKnownFileType = sourcecode.swift; path = ContentView.swift; sourceTree = "<group>"; };
		8166CB632C77A71D0018FC33 /* Assets.xcassets */ = {isa = PBXFileReference; lastKnownFileType = folder.assetcatalog; path = Assets.xcassets; sourceTree = "<group>"; };
		8166CB662C77A71D0018FC33 /* Preview Assets.xcassets */ = {isa = PBXFileReference; lastKnownFileType = folder.assetcatalog; path = "Preview Assets.xcassets"; sourceTree = "<group>"; };
		8166CB6E2C77A7F90018FC33 /* sampledeath.json */ = {isa = PBXFileReference; fileEncoding = 4; lastKnownFileType = text.json; path = sampledeath.json; sourceTree = "<group>"; };
		8166CB6F2C77A7F90018FC33 /* samplecharacter.json */ = {isa = PBXFileReference; fileEncoding = 4; lastKnownFileType = text.json; path = samplecharacter.json; sourceTree = "<group>"; };
		8166CB702C77A7F90018FC33 /* samplequote.json */ = {isa = PBXFileReference; fileEncoding = 4; lastKnownFileType = text.json; path = samplequote.json; sourceTree = "<group>"; };
		8166CB742C77ACC40018FC33 /* Quote.swift */ = {isa = PBXFileReference; lastKnownFileType = sourcecode.swift; path = Quote.swift; sourceTree = "<group>"; };
		8166CB762C77AD470018FC33 /* Character.swift */ = {isa = PBXFileReference; lastKnownFileType = sourcecode.swift; path = Character.swift; sourceTree = "<group>"; };
		8166CB782C77ADBD0018FC33 /* Deaths.swift */ = {isa = PBXFileReference; lastKnownFileType = sourcecode.swift; path = Deaths.swift; sourceTree = "<group>"; };
		8166CB7A2C77B3840018FC33 /* FetchService.swift */ = {isa = PBXFileReference; lastKnownFileType = sourcecode.swift; path = FetchService.swift; sourceTree = "<group>"; };
		8166CB7C2C77C1F80018FC33 /* ViewModel.swift */ = {isa = PBXFileReference; lastKnownFileType = sourcecode.swift; path = ViewModel.swift; sourceTree = "<group>"; };
		8166CB7E2C77CAE20018FC33 /* FetchView.swift */ = {isa = PBXFileReference; lastKnownFileType = sourcecode.swift; path = FetchView.swift; sourceTree = "<group>"; };
		81D4F9AA2C79032E00B69B99 /* CharacterView.swift */ = {isa = PBXFileReference; lastKnownFileType = sourcecode.swift; path = CharacterView.swift; sourceTree = "<group>"; };
/* End PBXFileReference section */

/* Begin PBXFrameworksBuildPhase section */
		8166CB592C77A71B0018FC33 /* Frameworks */ = {
			isa = PBXFrameworksBuildPhase;
			buildActionMask = 2147483647;
			files = (
			);
			runOnlyForDeploymentPostprocessing = 0;
		};
/* End PBXFrameworksBuildPhase section */

/* Begin PBXGroup section */
		8166CB532C77A71B0018FC33 = {
			isa = PBXGroup;
			children = (
				8166CB5E2C77A71B0018FC33 /* BBQuotes */,
				8166CB5D2C77A71B0018FC33 /* Products */,
			);
			sourceTree = "<group>";
		};
		8166CB5D2C77A71B0018FC33 /* Products */ = {
			isa = PBXGroup;
			children = (
				8166CB5C2C77A71B0018FC33 /* BBQuotes.app */,
			);
			name = Products;
			sourceTree = "<group>";
		};
		8166CB5E2C77A71B0018FC33 /* BBQuotes */ = {
			isa = PBXGroup;
			children = (
				8166CB5F2C77A71B0018FC33 /* BBQuotesApp.swift */,
				8166CB612C77A71B0018FC33 /* ContentView.swift */,
				8166CB7E2C77CAE20018FC33 /* FetchView.swift */,
				814F9B902C7CCC5C00167690 /* EpisodeView.swift */,
				81D4F9AA2C79032E00B69B99 /* CharacterView.swift */,
				8166CB7C2C77C1F80018FC33 /* ViewModel.swift */,
				8166CB7A2C77B3840018FC33 /* FetchService.swift */,
				8166CB742C77ACC40018FC33 /* Quote.swift */,
				8166CB762C77AD470018FC33 /* Character.swift */,
				8166CB782C77ADBD0018FC33 /* Deaths.swift */,
				814F9B8E2C7CC09800167690 /* Episode.swift */,
				814F9B8A2C7CBD8300167690 /* StringExt.swift */,
				814F9B8C2C7CBEEF00167690 /* Constants.swift */,
				8166CB632C77A71D0018FC33 /* Assets.xcassets */,
				8166CB6D2C77A7C20018FC33 /* SampleData */,
				8166CB652C77A71D0018FC33 /* Preview Content */,
			);
			path = BBQuotes;
			sourceTree = "<group>";
		};
		8166CB652C77A71D0018FC33 /* Preview Content */ = {
			isa = PBXGroup;
			children = (
				8166CB662C77A71D0018FC33 /* Preview Assets.xcassets */,
			);
			path = "Preview Content";
			sourceTree = "<group>";
		};
		8166CB6D2C77A7C20018FC33 /* SampleData */ = {
			isa = PBXGroup;
			children = (
				814F9B882C7CB0CE00167690 /* sampleepisode.json */,
				8166CB6F2C77A7F90018FC33 /* samplecharacter.json */,
				8166CB6E2C77A7F90018FC33 /* sampledeath.json */,
				8166CB702C77A7F90018FC33 /* samplequote.json */,
			);
			path = SampleData;
			sourceTree = "<group>";
		};
/* End PBXGroup section */

/* Begin PBXNativeTarget section */
		8166CB5B2C77A71B0018FC33 /* BBQuotes */ = {
			isa = PBXNativeTarget;
			buildConfigurationList = 8166CB6A2C77A71D0018FC33 /* Build configuration list for PBXNativeTarget "BBQuotes" */;
			buildPhases = (
				8166CB582C77A71B0018FC33 /* Sources */,
				8166CB592C77A71B0018FC33 /* Frameworks */,
				8166CB5A2C77A71B0018FC33 /* Resources */,
			);
			buildRules = (
			);
			dependencies = (
			);
			name = BBQuotes;
			productName = BBQuotes;
			productReference = 8166CB5C2C77A71B0018FC33 /* BBQuotes.app */;
			productType = "com.apple.product-type.application";
		};
/* End PBXNativeTarget section */

/* Begin PBXProject section */
		8166CB542C77A71B0018FC33 /* Project object */ = {
			isa = PBXProject;
			attributes = {
				BuildIndependentTargetsInParallel = 1;
				LastSwiftUpdateCheck = 1540;
				LastUpgradeCheck = 1540;
				TargetAttributes = {
					8166CB5B2C77A71B0018FC33 = {
						CreatedOnToolsVersion = 15.4;
					};
				};
			};
			buildConfigurationList = 8166CB572C77A71B0018FC33 /* Build configuration list for PBXProject "BBQuotes" */;
			compatibilityVersion = "Xcode 14.0";
			developmentRegion = en;
			hasScannedForEncodings = 0;
			knownRegions = (
				en,
				Base,
			);
			mainGroup = 8166CB532C77A71B0018FC33;
			productRefGroup = 8166CB5D2C77A71B0018FC33 /* Products */;
			projectDirPath = "";
			projectRoot = "";
			targets = (
				8166CB5B2C77A71B0018FC33 /* BBQuotes */,
			);
		};
/* End PBXProject section */

/* Begin PBXResourcesBuildPhase section */
		8166CB5A2C77A71B0018FC33 /* Resources */ = {
			isa = PBXResourcesBuildPhase;
			buildActionMask = 2147483647;
			files = (
				8166CB672C77A71D0018FC33 /* Preview Assets.xcassets in Resources */,
				814F9B892C7CB0CE00167690 /* sampleepisode.json in Resources */,
				8166CB712C77A7F90018FC33 /* sampledeath.json in Resources */,
				8166CB642C77A71D0018FC33 /* Assets.xcassets in Resources */,
				8166CB732C77A7F90018FC33 /* samplequote.json in Resources */,
				8166CB722C77A7F90018FC33 /* samplecharacter.json in Resources */,
			);
			runOnlyForDeploymentPostprocessing = 0;
		};
/* End PBXResourcesBuildPhase section */

/* Begin PBXSourcesBuildPhase section */
		8166CB582C77A71B0018FC33 /* Sources */ = {
			isa = PBXSourcesBuildPhase;
			buildActionMask = 2147483647;
			files = (
				8166CB772C77AD470018FC33 /* Character.swift in Sources */,
				814F9B8F2C7CC09800167690 /* Episode.swift in Sources */,
				814F9B8D2C7CBEEF00167690 /* Constants.swift in Sources */,
				814F9B912C7CCC5C00167690 /* EpisodeView.swift in Sources */,
				8166CB622C77A71B0018FC33 /* ContentView.swift in Sources */,
				8166CB752C77ACC40018FC33 /* Quote.swift in Sources */,
				8166CB7F2C77CAE20018FC33 /* FetchView.swift in Sources */,
				814F9B8B2C7CBD8300167690 /* StringExt.swift in Sources */,
				8166CB602C77A71B0018FC33 /* BBQuotesApp.swift in Sources */,
				8166CB7B2C77B3840018FC33 /* FetchService.swift in Sources */,
				81D4F9AB2C79032E00B69B99 /* CharacterView.swift in Sources */,
				8166CB792C77ADBD0018FC33 /* Deaths.swift in Sources */,
				8166CB7D2C77C1F80018FC33 /* ViewModel.swift in Sources */,
			);
			runOnlyForDeploymentPostprocessing = 0;
		};
/* End PBXSourcesBuildPhase section */

/* Begin XCBuildConfiguration section */
		8166CB682C77A71D0018FC33 /* Debug */ = {
			isa = XCBuildConfiguration;
			buildSettings = {
				ALWAYS_SEARCH_USER_PATHS = NO;
				ASSETCATALOG_COMPILER_GENERATE_SWIFT_ASSET_SYMBOL_EXTENSIONS = YES;
				CLANG_ANALYZER_NONNULL = YES;
				CLANG_ANALYZER_NUMBER_OBJECT_CONVERSION = YES_AGGRESSIVE;
				CLANG_CXX_LANGUAGE_STANDARD = "gnu++20";
				CLANG_ENABLE_MODULES = YES;
				CLANG_ENABLE_OBJC_ARC = YES;
				CLANG_ENABLE_OBJC_WEAK = YES;
				CLANG_WARN_BLOCK_CAPTURE_AUTORELEASING = YES;
				CLANG_WARN_BOOL_CONVERSION = YES;
				CLANG_WARN_COMMA = YES;
				CLANG_WARN_CONSTANT_CONVERSION = YES;
				CLANG_WARN_DEPRECATED_OBJC_IMPLEMENTATIONS = YES;
				CLANG_WARN_DIRECT_OBJC_ISA_USAGE = YES_ERROR;
				CLANG_WARN_DOCUMENTATION_COMMENTS = YES;
				CLANG_WARN_EMPTY_BODY = YES;
				CLANG_WARN_ENUM_CONVERSION = YES;
				CLANG_WARN_INFINITE_RECURSION = YES;
				CLANG_WARN_INT_CONVERSION = YES;
				CLANG_WARN_NON_LITERAL_NULL_CONVERSION = YES;
				CLANG_WARN_OBJC_IMPLICIT_RETAIN_SELF = YES;
				CLANG_WARN_OBJC_LITERAL_CONVERSION = YES;
				CLANG_WARN_OBJC_ROOT_CLASS = YES_ERROR;
				CLANG_WARN_QUOTED_INCLUDE_IN_FRAMEWORK_HEADER = YES;
				CLANG_WARN_RANGE_LOOP_ANALYSIS = YES;
				CLANG_WARN_STRICT_PROTOTYPES = YES;
				CLANG_WARN_SUSPICIOUS_MOVE = YES;
				CLANG_WARN_UNGUARDED_AVAILABILITY = YES_AGGRESSIVE;
				CLANG_WARN_UNREACHABLE_CODE = YES;
				CLANG_WARN__DUPLICATE_METHOD_MATCH = YES;
				COPY_PHASE_STRIP = NO;
				DEBUG_INFORMATION_FORMAT = dwarf;
				ENABLE_STRICT_OBJC_MSGSEND = YES;
				ENABLE_TESTABILITY = YES;
				ENABLE_USER_SCRIPT_SANDBOXING = YES;
				GCC_C_LANGUAGE_STANDARD = gnu17;
				GCC_DYNAMIC_NO_PIC = NO;
				GCC_NO_COMMON_BLOCKS = YES;
				GCC_OPTIMIZATION_LEVEL = 0;
				GCC_PREPROCESSOR_DEFINITIONS = (
					"DEBUG=1",
					"$(inherited)",
				);
				GCC_WARN_64_TO_32_BIT_CONVERSION = YES;
				GCC_WARN_ABOUT_RETURN_TYPE = YES_ERROR;
				GCC_WARN_UNDECLARED_SELECTOR = YES;
				GCC_WARN_UNINITIALIZED_AUTOS = YES_AGGRESSIVE;
				GCC_WARN_UNUSED_FUNCTION = YES;
				GCC_WARN_UNUSED_VARIABLE = YES;
				IPHONEOS_DEPLOYMENT_TARGET = 17.5;
				LOCALIZATION_PREFERS_STRING_CATALOGS = YES;
				MTL_ENABLE_DEBUG_INFO = INCLUDE_SOURCE;
				MTL_FAST_MATH = YES;
				ONLY_ACTIVE_ARCH = YES;
				SDKROOT = iphoneos;
				SWIFT_ACTIVE_COMPILATION_CONDITIONS = "DEBUG $(inherited)";
				SWIFT_OPTIMIZATION_LEVEL = "-Onone";
			};
			name = Debug;
		};
		8166CB692C77A71D0018FC33 /* Release */ = {
			isa = XCBuildConfiguration;
			buildSettings = {
				ALWAYS_SEARCH_USER_PATHS = NO;
				ASSETCATALOG_COMPILER_GENERATE_SWIFT_ASSET_SYMBOL_EXTENSIONS = YES;
				CLANG_ANALYZER_NONNULL = YES;
				CLANG_ANALYZER_NUMBER_OBJECT_CONVERSION = YES_AGGRESSIVE;
				CLANG_CXX_LANGUAGE_STANDARD = "gnu++20";
				CLANG_ENABLE_MODULES = YES;
				CLANG_ENABLE_OBJC_ARC = YES;
				CLANG_ENABLE_OBJC_WEAK = YES;
				CLANG_WARN_BLOCK_CAPTURE_AUTORELEASING = YES;
				CLANG_WARN_BOOL_CONVERSION = YES;
				CLANG_WARN_COMMA = YES;
				CLANG_WARN_CONSTANT_CONVERSION = YES;
				CLANG_WARN_DEPRECATED_OBJC_IMPLEMENTATIONS = YES;
				CLANG_WARN_DIRECT_OBJC_ISA_USAGE = YES_ERROR;
				CLANG_WARN_DOCUMENTATION_COMMENTS = YES;
				CLANG_WARN_EMPTY_BODY = YES;
				CLANG_WARN_ENUM_CONVERSION = YES;
				CLANG_WARN_INFINITE_RECURSION = YES;
				CLANG_WARN_INT_CONVERSION = YES;
				CLANG_WARN_NON_LITERAL_NULL_CONVERSION = YES;
				CLANG_WARN_OBJC_IMPLICIT_RETAIN_SELF = YES;
				CLANG_WARN_OBJC_LITERAL_CONVERSION = YES;
				CLANG_WARN_OBJC_ROOT_CLASS = YES_ERROR;
				CLANG_WARN_QUOTED_INCLUDE_IN_FRAMEWORK_HEADER = YES;
				CLANG_WARN_RANGE_LOOP_ANALYSIS = YES;
				CLANG_WARN_STRICT_PROTOTYPES = YES;
				CLANG_WARN_SUSPICIOUS_MOVE = YES;
				CLANG_WARN_UNGUARDED_AVAILABILITY = YES_AGGRESSIVE;
				CLANG_WARN_UNREACHABLE_CODE = YES;
				CLANG_WARN__DUPLICATE_METHOD_MATCH = YES;
				COPY_PHASE_STRIP = NO;
				DEBUG_INFORMATION_FORMAT = "dwarf-with-dsym";
				ENABLE_NS_ASSERTIONS = NO;
				ENABLE_STRICT_OBJC_MSGSEND = YES;
				ENABLE_USER_SCRIPT_SANDBOXING = YES;
				GCC_C_LANGUAGE_STANDARD = gnu17;
				GCC_NO_COMMON_BLOCKS = YES;
				GCC_WARN_64_TO_32_BIT_CONVERSION = YES;
				GCC_WARN_ABOUT_RETURN_TYPE = YES_ERROR;
				GCC_WARN_UNDECLARED_SELECTOR = YES;
				GCC_WARN_UNINITIALIZED_AUTOS = YES_AGGRESSIVE;
				GCC_WARN_UNUSED_FUNCTION = YES;
				GCC_WARN_UNUSED_VARIABLE = YES;
				IPHONEOS_DEPLOYMENT_TARGET = 17.5;
				LOCALIZATION_PREFERS_STRING_CATALOGS = YES;
				MTL_ENABLE_DEBUG_INFO = NO;
				MTL_FAST_MATH = YES;
				SDKROOT = iphoneos;
				SWIFT_COMPILATION_MODE = wholemodule;
				VALIDATE_PRODUCT = YES;
			};
			name = Release;
		};
		8166CB6B2C77A71D0018FC33 /* Debug */ = {
			isa = XCBuildConfiguration;
			buildSettings = {
				ASSETCATALOG_COMPILER_APPICON_NAME = AppIcon;
				ASSETCATALOG_COMPILER_GLOBAL_ACCENT_COLOR_NAME = AccentColor;
				CODE_SIGN_STYLE = Automatic;
				CURRENT_PROJECT_VERSION = 1;
				DEVELOPMENT_ASSET_PATHS = "\"BBQuotes/Preview Content\"";
				DEVELOPMENT_TEAM = 8JLP5GQ9A5;
				ENABLE_PREVIEWS = YES;
				GENERATE_INFOPLIST_FILE = YES;
				INFOPLIST_KEY_UIApplicationSceneManifest_Generation = YES;
				INFOPLIST_KEY_UIApplicationSupportsIndirectInputEvents = YES;
				INFOPLIST_KEY_UILaunchScreen_Generation = YES;
				INFOPLIST_KEY_UISupportedInterfaceOrientations = UIInterfaceOrientationPortrait;
				LD_RUNPATH_SEARCH_PATHS = (
					"$(inherited)",
					"@executable_path/Frameworks",
				);
				MARKETING_VERSION = 1.0;
				PRODUCT_BUNDLE_IDENTIFIER = com.ViniDevApps.BBQuotes;
				PRODUCT_NAME = "$(TARGET_NAME)";
				SWIFT_EMIT_LOC_STRINGS = YES;
				SWIFT_VERSION = 5.0;
				TARGETED_DEVICE_FAMILY = "1,2";
			};
			name = Debug;
		};
		8166CB6C2C77A71D0018FC33 /* Release */ = {
			isa = XCBuildConfiguration;
			buildSettings = {
				ASSETCATALOG_COMPILER_APPICON_NAME = AppIcon;
				ASSETCATALOG_COMPILER_GLOBAL_ACCENT_COLOR_NAME = AccentColor;
				CODE_SIGN_STYLE = Automatic;
				CURRENT_PROJECT_VERSION = 1;
				DEVELOPMENT_ASSET_PATHS = "\"BBQuotes/Preview Content\"";
				DEVELOPMENT_TEAM = 8JLP5GQ9A5;
				ENABLE_PREVIEWS = YES;
				GENERATE_INFOPLIST_FILE = YES;
				INFOPLIST_KEY_UIApplicationSceneManifest_Generation = YES;
				INFOPLIST_KEY_UIApplicationSupportsIndirectInputEvents = YES;
				INFOPLIST_KEY_UILaunchScreen_Generation = YES;
				INFOPLIST_KEY_UISupportedInterfaceOrientations = UIInterfaceOrientationPortrait;
				LD_RUNPATH_SEARCH_PATHS = (
					"$(inherited)",
					"@executable_path/Frameworks",
				);
				MARKETING_VERSION = 1.0;
				PRODUCT_BUNDLE_IDENTIFIER = com.ViniDevApps.BBQuotes;
				PRODUCT_NAME = "$(TARGET_NAME)";
				SWIFT_EMIT_LOC_STRINGS = YES;
				SWIFT_VERSION = 5.0;
				TARGETED_DEVICE_FAMILY = "1,2";
			};
			name = Release;
		};
/* End XCBuildConfiguration section */

/* Begin XCConfigurationList section */
		8166CB572C77A71B0018FC33 /* Build configuration list for PBXProject "BBQuotes" */ = {
			isa = XCConfigurationList;
			buildConfigurations = (
				8166CB682C77A71D0018FC33 /* Debug */,
				8166CB692C77A71D0018FC33 /* Release */,
			);
			defaultConfigurationIsVisible = 0;
			defaultConfigurationName = Release;
		};
		8166CB6A2C77A71D0018FC33 /* Build configuration list for PBXNativeTarget "BBQuotes" */ = {
			isa = XCConfigurationList;
			buildConfigurations = (
				8166CB6B2C77A71D0018FC33 /* Debug */,
				8166CB6C2C77A71D0018FC33 /* Release */,
			);
			defaultConfigurationIsVisible = 0;
			defaultConfigurationName = Release;
		};
/* End XCConfigurationList section */
	};
	rootObject = 8166CB542C77A71B0018FC33 /* Project object */;
}
